
Microsoft Visual Studio Solution File, Format Version 12.00
# Visual Studio Version 16
VisualStudioVersion = 16.0.31911.196
MinimumVisualStudioVersion = 10.0.40219.1
Project("{9A19103F-16F7-4668-BE54-9A1E7A4F7556}") = "WebApplication3.Server", "WebApplication3\Server\WebApplication3.Server.csproj", "{5DF10A1F-AB07-41E0-ACAC-A755C2B5FF80}"
EndProject
Project("{9A19103F-16F7-4668-BE54-9A1E7A4F7556}") = "WebApplication3.Client", "WebApplication3\Client\WebApplication3.Client.csproj", "{12B48679-DA41-4334-B2C3-4FDC854FDC04}"
EndProject
Project("{9A19103F-16F7-4668-BE54-9A1E7A4F7556}") = "WebApplication3.Shared", "WebApplication3\Shared\WebApplication3.Shared.csproj", "{129F152D-62E1-4402-8E81-4814E60C0B84}"
EndProject
Global
	GlobalSection(SolutionConfigurationPlatforms) = preSolution
		Debug|Any CPU = Debug|Any CPU
		Release|Any CPU = Release|Any CPU
	EndGlobalSection
	GlobalSection(ProjectConfigurationPlatforms) = postSolution
		{5DF10A1F-AB07-41E0-ACAC-A755C2B5FF80}.Debug|Any CPU.ActiveCfg = Debug|Any CPU
		{5DF10A1F-AB07-41E0-ACAC-A755C2B5FF80}.Debug|Any CPU.Build.0 = Debug|Any CPU
		{5DF10A1F-AB07-41E0-ACAC-A755C2B5FF80}.Release|Any CPU.ActiveCfg = Release|Any CPU
		{5DF10A1F-AB07-41E0-ACAC-A755C2B5FF80}.Release|Any CPU.Build.0 = Release|Any CPU
		{12B48679-DA41-4334-B2C3-4FDC854FDC04}.Debug|Any CPU.ActiveCfg = Debug|Any CPU
		{12B48679-DA41-4334-B2C3-4FDC854FDC04}.Debug|Any CPU.Build.0 = Debug|Any CPU
		{12B48679-DA41-4334-B2C3-4FDC854FDC04}.Release|Any CPU.ActiveCfg = Release|Any CPU
		{12B48679-DA41-4334-B2C3-4FDC854FDC04}.Release|Any CPU.Build.0 = Release|Any CPU
		{129F152D-62E1-4402-8E81-4814E60C0B84}.Debug|Any CPU.ActiveCfg = Debug|Any CPU
		{129F152D-62E1-4402-8E81-4814E60C0B84}.Debug|Any CPU.Build.0 = Debug|Any CPU
		{129F152D-62E1-4402-8E81-4814E60C0B84}.Release|Any CPU.ActiveCfg = Release|Any CPU
		{129F152D-62E1-4402-8E81-4814E60C0B84}.Release|Any CPU.Build.0 = Release|Any CPU
	EndGlobalSection
	GlobalSection(SolutionProperties) = preSolution
		HideSolutionNode = FALSE
	EndGlobalSection
	GlobalSection(ExtensibilityGlobals) = postSolution
		SolutionGuid = {75CC0429-ED9C-441B-80A5-20FDFEDA00F5}
	EndGlobalSection
EndGlobal
